// !$*UTF8*$!
{
	archiveVersion = 1;
	classes = {
	};
	objectVersion = 46;
	objects = {

/* Begin PBXBuildFile section */
		7ED229021E61550C00AC202D /* main.m in Sources */ = {isa = PBXBuildFile; fileRef = 7ED229011E61550C00AC202D /* main.m */; };
		7ED229051E61550C00AC202D /* AppDelegate.m in Sources */ = {isa = PBXBuildFile; fileRef = 7ED229041E61550C00AC202D /* AppDelegate.m */; };
		7ED229081E61550C00AC202D /* ViewController.m in Sources */ = {isa = PBXBuildFile; fileRef = 7ED229071E61550C00AC202D /* ViewController.m */; };
		7ED2290B1E61550C00AC202D /* Main.storyboard in Resources */ = {isa = PBXBuildFile; fileRef = 7ED229091E61550C00AC202D /* Main.storyboard */; };
		7ED2290D1E61550C00AC202D /* Assets.xcassets in Resources */ = {isa = PBXBuildFile; fileRef = 7ED2290C1E61550C00AC202D /* Assets.xcassets */; };
		7ED229101E61550C00AC202D /* LaunchScreen.storyboard in Resources */ = {isa = PBXBuildFile; fileRef = 7ED2290E1E61550C00AC202D /* LaunchScreen.storyboard */; };
		7ED2291B1E61550C00AC202D /* demoTestTests.m in Sources */ = {isa = PBXBuildFile; fileRef = 7ED2291A1E61550C00AC202D /* demoTestTests.m */; };
		7ED229261E61550C00AC202D /* demoTestUITests.m in Sources */ = {isa = PBXBuildFile; fileRef = 7ED229251E61550C00AC202D /* demoTestUITests.m */; };
		7ED229351E615B0F00AC202D /* draw.m in Sources */ = {isa = PBXBuildFile; fileRef = 7ED229341E615B0F00AC202D /* draw.m */; };
		7ED229501E6176A300AC202D /* MASCompositeConstraint.m in Sources */ = {isa = PBXBuildFile; fileRef = 7ED229381E6176A300AC202D /* MASCompositeConstraint.m */; };
		7ED229511E6176A300AC202D /* MASConstraint.m in Sources */ = {isa = PBXBuildFile; fileRef = 7ED2293B1E6176A300AC202D /* MASConstraint.m */; };
		7ED229521E6176A300AC202D /* MASConstraintMaker.m in Sources */ = {isa = PBXBuildFile; fileRef = 7ED2293D1E6176A300AC202D /* MASConstraintMaker.m */; };
		7ED229531E6176A300AC202D /* MASLayoutConstraint.m in Sources */ = {isa = PBXBuildFile; fileRef = 7ED2293F1E6176A300AC202D /* MASLayoutConstraint.m */; };
		7ED229541E6176A300AC202D /* MASViewAttribute.m in Sources */ = {isa = PBXBuildFile; fileRef = 7ED229431E6176A300AC202D /* MASViewAttribute.m */; };
		7ED229551E6176A300AC202D /* MASViewConstraint.m in Sources */ = {isa = PBXBuildFile; fileRef = 7ED229451E6176A300AC202D /* MASViewConstraint.m */; };
		7ED229561E6176A300AC202D /* NSArray+MASAdditions.m in Sources */ = {isa = PBXBuildFile; fileRef = 7ED229471E6176A300AC202D /* NSArray+MASAdditions.m */; };
		7ED229571E6176A300AC202D /* NSLayoutConstraint+MASDebugAdditions.m in Sources */ = {isa = PBXBuildFile; fileRef = 7ED2294A1E6176A300AC202D /* NSLayoutConstraint+MASDebugAdditions.m */; };
		7ED229581E6176A300AC202D /* View+MASAdditions.m in Sources */ = {isa = PBXBuildFile; fileRef = 7ED2294C1E6176A300AC202D /* View+MASAdditions.m */; };
		7ED229591E6176A300AC202D /* ViewController+MASAdditions.m in Sources */ = {isa = PBXBuildFile; fileRef = 7ED2294F1E6176A300AC202D /* ViewController+MASAdditions.m */; };
/* End PBXBuildFile section */

/* Begin PBXContainerItemProxy section */
		7ED229171E61550C00AC202D /* PBXContainerItemProxy */ = {
			isa = PBXContainerItemProxy;
			containerPortal = 7ED228F51E61550B00AC202D /* Project object */;
			proxyType = 1;
			remoteGlobalIDString = 7ED228FC1E61550B00AC202D;
			remoteInfo = demoTest;
		};
		7ED229221E61550C00AC202D /* PBXContainerItemProxy */ = {
			isa = PBXContainerItemProxy;
			containerPortal = 7ED228F51E61550B00AC202D /* Project object */;
			proxyType = 1;
			remoteGlobalIDString = 7ED228FC1E61550B00AC202D;
			remoteInfo = demoTest;
		};
/* End PBXContainerItemProxy section */

/* Begin PBXFileReference section */
		7ED228FD1E61550B00AC202D /* demoTest.app */ = {isa = PBXFileReference; explicitFileType = wrapper.application; includeInIndex = 0; path = demoTest.app; sourceTree = BUILT_PRODUCTS_DIR; };
		7ED229011E61550C00AC202D /* main.m */ = {isa = PBXFileReference; lastKnownFileType = sourcecode.c.objc; path = main.m; sourceTree = "<group>"; };
		7ED229031E61550C00AC202D /* AppDelegate.h */ = {isa = PBXFileReference; lastKnownFileType = sourcecode.c.h; path = AppDelegate.h; sourceTree = "<group>"; };
		7ED229041E61550C00AC202D /* AppDelegate.m */ = {isa = PBXFileReference; lastKnownFileType = sourcecode.c.objc; path = AppDelegate.m; sourceTree = "<group>"; };
		7ED229061E61550C00AC202D /* ViewController.h */ = {isa = PBXFileReference; lastKnownFileType = sourcecode.c.h; path = ViewController.h; sourceTree = "<group>"; };
		7ED229071E61550C00AC202D /* ViewController.m */ = {isa = PBXFileReference; lastKnownFileType = sourcecode.c.objc; path = ViewController.m; sourceTree = "<group>"; };
		7ED2290A1E61550C00AC202D /* Base */ = {isa = PBXFileReference; lastKnownFileType = file.storyboard; name = Base; path = Base.lproj/Main.storyboard; sourceTree = "<group>"; };
		7ED2290C1E61550C00AC202D /* Assets.xcassets */ = {isa = PBXFileReference; lastKnownFileType = folder.assetcatalog; path = Assets.xcassets; sourceTree = "<group>"; };
		7ED2290F1E61550C00AC202D /* Base */ = {isa = PBXFileReference; lastKnownFileType = file.storyboard; name = Base; path = Base.lproj/LaunchScreen.storyboard; sourceTree = "<group>"; };
		7ED229111E61550C00AC202D /* Info.plist */ = {isa = PBXFileReference; lastKnownFileType = text.plist.xml; path = Info.plist; sourceTree = "<group>"; };
		7ED229161E61550C00AC202D /* demoTestTests.xctest */ = {isa = PBXFileReference; explicitFileType = wrapper.cfbundle; includeInIndex = 0; path = demoTestTests.xctest; sourceTree = BUILT_PRODUCTS_DIR; };
		7ED2291A1E61550C00AC202D /* demoTestTests.m */ = {isa = PBXFileReference; lastKnownFileType = sourcecode.c.objc; path = demoTestTests.m; sourceTree = "<group>"; };
		7ED2291C1E61550C00AC202D /* Info.plist */ = {isa = PBXFileReference; lastKnownFileType = text.plist.xml; path = Info.plist; sourceTree = "<group>"; };
		7ED229211E61550C00AC202D /* demoTestUITests.xctest */ = {isa = PBXFileReference; explicitFileType = wrapper.cfbundle; includeInIndex = 0; path = demoTestUITests.xctest; sourceTree = BUILT_PRODUCTS_DIR; };
		7ED229251E61550C00AC202D /* demoTestUITests.m */ = {isa = PBXFileReference; lastKnownFileType = sourcecode.c.objc; path = demoTestUITests.m; sourceTree = "<group>"; };
		7ED229271E61550C00AC202D /* Info.plist */ = {isa = PBXFileReference; lastKnownFileType = text.plist.xml; path = Info.plist; sourceTree = "<group>"; };
		7ED229331E615B0F00AC202D /* draw.h */ = {isa = PBXFileReference; fileEncoding = 4; lastKnownFileType = sourcecode.c.h; path = draw.h; sourceTree = "<group>"; };
		7ED229341E615B0F00AC202D /* draw.m */ = {isa = PBXFileReference; fileEncoding = 4; lastKnownFileType = sourcecode.c.objc; path = draw.m; sourceTree = "<group>"; };
		7ED229371E6176A300AC202D /* MASCompositeConstraint.h */ = {isa = PBXFileReference; fileEncoding = 4; lastKnownFileType = sourcecode.c.h; path = MASCompositeConstraint.h; sourceTree = "<group>"; };
		7ED229381E6176A300AC202D /* MASCompositeConstraint.m */ = {isa = PBXFileReference; fileEncoding = 4; lastKnownFileType = sourcecode.c.objc; path = MASCompositeConstraint.m; sourceTree = "<group>"; };
		7ED229391E6176A300AC202D /* MASConstraint+Private.h */ = {isa = PBXFileReference; fileEncoding = 4; lastKnownFileType = sourcecode.c.h; path = "MASConstraint+Private.h"; sourceTree = "<group>"; };
		7ED2293A1E6176A300AC202D /* MASConstraint.h */ = {isa = PBXFileReference; fileEncoding = 4; lastKnownFileType = sourcecode.c.h; path = MASConstraint.h; sourceTree = "<group>"; };
		7ED2293B1E6176A300AC202D /* MASConstraint.m */ = {isa = PBXFileReference; fileEncoding = 4; lastKnownFileType = sourcecode.c.objc; path = MASConstraint.m; sourceTree = "<group>"; };
		7ED2293C1E6176A300AC202D /* MASConstraintMaker.h */ = {isa = PBXFileReference; fileEncoding = 4; lastKnownFileType = sourcecode.c.h; path = MASConstraintMaker.h; sourceTree = "<group>"; };
		7ED2293D1E6176A300AC202D /* MASConstraintMaker.m */ = {isa = PBXFileReference; fileEncoding = 4; lastKnownFileType = sourcecode.c.objc; path = MASConstraintMaker.m; sourceTree = "<group>"; };
		7ED2293E1E6176A300AC202D /* MASLayoutConstraint.h */ = {isa = PBXFileReference; fileEncoding = 4; lastKnownFileType = sourcecode.c.h; path = MASLayoutConstraint.h; sourceTree = "<group>"; };
		7ED2293F1E6176A300AC202D /* MASLayoutConstraint.m */ = {isa = PBXFileReference; fileEncoding = 4; lastKnownFileType = sourcecode.c.objc; path = MASLayoutConstraint.m; sourceTree = "<group>"; };
		7ED229401E6176A300AC202D /* Masonry.h */ = {isa = PBXFileReference; fileEncoding = 4; lastKnownFileType = sourcecode.c.h; path = Masonry.h; sourceTree = "<group>"; };
		7ED229411E6176A300AC202D /* MASUtilities.h */ = {isa = PBXFileReference; fileEncoding = 4; lastKnownFileType = sourcecode.c.h; path = MASUtilities.h; sourceTree = "<group>"; };
		7ED229421E6176A300AC202D /* MASViewAttribute.h */ = {isa = PBXFileReference; fileEncoding = 4; lastKnownFileType = sourcecode.c.h; path = MASViewAttribute.h; sourceTree = "<group>"; };
		7ED229431E6176A300AC202D /* MASViewAttribute.m */ = {isa = PBXFileReference; fileEncoding = 4; lastKnownFileType = sourcecode.c.objc; path = MASViewAttribute.m; sourceTree = "<group>"; };
		7ED229441E6176A300AC202D /* MASViewConstraint.h */ = {isa = PBXFileReference; fileEncoding = 4; lastKnownFileType = sourcecode.c.h; path = MASViewConstraint.h; sourceTree = "<group>"; };
		7ED229451E6176A300AC202D /* MASViewConstraint.m */ = {isa = PBXFileReference; fileEncoding = 4; lastKnownFileType = sourcecode.c.objc; path = MASViewConstraint.m; sourceTree = "<group>"; };
		7ED229461E6176A300AC202D /* NSArray+MASAdditions.h */ = {isa = PBXFileReference; fileEncoding = 4; lastKnownFileType = sourcecode.c.h; path = "NSArray+MASAdditions.h"; sourceTree = "<group>"; };
		7ED229471E6176A300AC202D /* NSArray+MASAdditions.m */ = {isa = PBXFileReference; fileEncoding = 4; lastKnownFileType = sourcecode.c.objc; path = "NSArray+MASAdditions.m"; sourceTree = "<group>"; };
		7ED229481E6176A300AC202D /* NSArray+MASShorthandAdditions.h */ = {isa = PBXFileReference; fileEncoding = 4; lastKnownFileType = sourcecode.c.h; path = "NSArray+MASShorthandAdditions.h"; sourceTree = "<group>"; };
		7ED229491E6176A300AC202D /* NSLayoutConstraint+MASDebugAdditions.h */ = {isa = PBXFileReference; fileEncoding = 4; lastKnownFileType = sourcecode.c.h; path = "NSLayoutConstraint+MASDebugAdditions.h"; sourceTree = "<group>"; };
		7ED2294A1E6176A300AC202D /* NSLayoutConstraint+MASDebugAdditions.m */ = {isa = PBXFileReference; fileEncoding = 4; lastKnownFileType = sourcecode.c.objc; path = "NSLayoutConstraint+MASDebugAdditions.m"; sourceTree = "<group>"; };
		7ED2294B1E6176A300AC202D /* View+MASAdditions.h */ = {isa = PBXFileReference; fileEncoding = 4; lastKnownFileType = sourcecode.c.h; path = "View+MASAdditions.h"; sourceTree = "<group>"; };
		7ED2294C1E6176A300AC202D /* View+MASAdditions.m */ = {isa = PBXFileReference; fileEncoding = 4; lastKnownFileType = sourcecode.c.objc; path = "View+MASAdditions.m"; sourceTree = "<group>"; };
		7ED2294D1E6176A300AC202D /* View+MASShorthandAdditions.h */ = {isa = PBXFileReference; fileEncoding = 4; lastKnownFileType = sourcecode.c.h; path = "View+MASShorthandAdditions.h"; sourceTree = "<group>"; };
		7ED2294E1E6176A300AC202D /* ViewController+MASAdditions.h */ = {isa = PBXFileReference; fileEncoding = 4; lastKnownFileType = sourcecode.c.h; path = "ViewController+MASAdditions.h"; sourceTree = "<group>"; };
		7ED2294F1E6176A300AC202D /* ViewController+MASAdditions.m */ = {isa = PBXFileReference; fileEncoding = 4; lastKnownFileType = sourcecode.c.objc; path = "ViewController+MASAdditions.m"; sourceTree = "<group>"; };
/* End PBXFileReference section */

/* Begin PBXFrameworksBuildPhase section */
		7ED228FA1E61550B00AC202D /* Frameworks */ = {
			isa = PBXFrameworksBuildPhase;
			buildActionMask = 2147483647;
			files = (
			);
			runOnlyForDeploymentPostprocessing = 0;
		};
		7ED229131E61550C00AC202D /* Frameworks */ = {
			isa = PBXFrameworksBuildPhase;
			buildActionMask = 2147483647;
			files = (
			);
			runOnlyForDeploymentPostprocessing = 0;
		};
		7ED2291E1E61550C00AC202D /* Frameworks */ = {
			isa = PBXFrameworksBuildPhase;
			buildActionMask = 2147483647;
			files = (
			);
			runOnlyForDeploymentPostprocessing = 0;
		};
/* End PBXFrameworksBuildPhase section */

/* Begin PBXGroup section */
		7ED228F41E61550B00AC202D = {
			isa = PBXGroup;
			children = (
				7ED229361E6176A300AC202D /* Masonry */,
				7ED228FF1E61550C00AC202D /* demoTest */,
				7ED229191E61550C00AC202D /* demoTestTests */,
				7ED229241E61550C00AC202D /* demoTestUITests */,
				7ED228FE1E61550B00AC202D /* Products */,
			);
			sourceTree = "<group>";
		};
		7ED228FE1E61550B00AC202D /* Products */ = {
			isa = PBXGroup;
			children = (
				7ED228FD1E61550B00AC202D /* demoTest.app */,
				7ED229161E61550C00AC202D /* demoTestTests.xctest */,
				7ED229211E61550C00AC202D /* demoTestUITests.xctest */,
			);
			name = Products;
			sourceTree = "<group>";
		};
		7ED228FF1E61550C00AC202D /* demoTest */ = {
			isa = PBXGroup;
			children = (
				7ED229031E61550C00AC202D /* AppDelegate.h */,
				7ED229041E61550C00AC202D /* AppDelegate.m */,
				7ED229061E61550C00AC202D /* ViewController.h */,
				7ED229071E61550C00AC202D /* ViewController.m */,
				7ED229091E61550C00AC202D /* Main.storyboard */,
				7ED2290C1E61550C00AC202D /* Assets.xcassets */,
				7ED2290E1E61550C00AC202D /* LaunchScreen.storyboard */,
				7ED229111E61550C00AC202D /* Info.plist */,
				7ED229001E61550C00AC202D /* Supporting Files */,
				7ED229331E615B0F00AC202D /* draw.h */,
				7ED229341E615B0F00AC202D /* draw.m */,
			);
			path = demoTest;
			sourceTree = "<group>";
		};
		7ED229001E61550C00AC202D /* Supporting Files */ = {
			isa = PBXGroup;
			children = (
				7ED229011E61550C00AC202D /* main.m */,
			);
			name = "Supporting Files";
			sourceTree = "<group>";
		};
		7ED229191E61550C00AC202D /* demoTestTests */ = {
			isa = PBXGroup;
			children = (
				7ED2291A1E61550C00AC202D /* demoTestTests.m */,
				7ED2291C1E61550C00AC202D /* Info.plist */,
			);
			path = demoTestTests;
			sourceTree = "<group>";
		};
		7ED229241E61550C00AC202D /* demoTestUITests */ = {
			isa = PBXGroup;
			children = (
				7ED229251E61550C00AC202D /* demoTestUITests.m */,
				7ED229271E61550C00AC202D /* Info.plist */,
			);
			path = demoTestUITests;
			sourceTree = "<group>";
		};
		7ED229361E6176A300AC202D /* Masonry */ = {
			isa = PBXGroup;
			children = (
				7ED229371E6176A300AC202D /* MASCompositeConstraint.h */,
				7ED229381E6176A300AC202D /* MASCompositeConstraint.m */,
				7ED229391E6176A300AC202D /* MASConstraint+Private.h */,
				7ED2293A1E6176A300AC202D /* MASConstraint.h */,
				7ED2293B1E6176A300AC202D /* MASConstraint.m */,
				7ED2293C1E6176A300AC202D /* MASConstraintMaker.h */,
				7ED2293D1E6176A300AC202D /* MASConstraintMaker.m */,
				7ED2293E1E6176A300AC202D /* MASLayoutConstraint.h */,
				7ED2293F1E6176A300AC202D /* MASLayoutConstraint.m */,
				7ED229401E6176A300AC202D /* Masonry.h */,
				7ED229411E6176A300AC202D /* MASUtilities.h */,
				7ED229421E6176A300AC202D /* MASViewAttribute.h */,
				7ED229431E6176A300AC202D /* MASViewAttribute.m */,
				7ED229441E6176A300AC202D /* MASViewConstraint.h */,
				7ED229451E6176A300AC202D /* MASViewConstraint.m */,
				7ED229461E6176A300AC202D /* NSArray+MASAdditions.h */,
				7ED229471E6176A300AC202D /* NSArray+MASAdditions.m */,
				7ED229481E6176A300AC202D /* NSArray+MASShorthandAdditions.h */,
				7ED229491E6176A300AC202D /* NSLayoutConstraint+MASDebugAdditions.h */,
				7ED2294A1E6176A300AC202D /* NSLayoutConstraint+MASDebugAdditions.m */,
				7ED2294B1E6176A300AC202D /* View+MASAdditions.h */,
				7ED2294C1E6176A300AC202D /* View+MASAdditions.m */,
				7ED2294D1E6176A300AC202D /* View+MASShorthandAdditions.h */,
				7ED2294E1E6176A300AC202D /* ViewController+MASAdditions.h */,
				7ED2294F1E6176A300AC202D /* ViewController+MASAdditions.m */,
			);
			path = Masonry;
			sourceTree = "<group>";
		};
/* End PBXGroup section */

/* Begin PBXNativeTarget section */
		7ED228FC1E61550B00AC202D /* demoTest */ = {
			isa = PBXNativeTarget;
			buildConfigurationList = 7ED2292A1E61550C00AC202D /* Build configuration list for PBXNativeTarget "demoTest" */;
			buildPhases = (
				7ED228F91E61550B00AC202D /* Sources */,
				7ED228FA1E61550B00AC202D /* Frameworks */,
				7ED228FB1E61550B00AC202D /* Resources */,
			);
			buildRules = (
			);
			dependencies = (
			);
			name = demoTest;
			productName = demoTest;
			productReference = 7ED228FD1E61550B00AC202D /* demoTest.app */;
			productType = "com.apple.product-type.application";
		};
		7ED229151E61550C00AC202D /* demoTestTests */ = {
			isa = PBXNativeTarget;
			buildConfigurationList = 7ED2292D1E61550C00AC202D /* Build configuration list for PBXNativeTarget "demoTestTests" */;
			buildPhases = (
				7ED229121E61550C00AC202D /* Sources */,
				7ED229131E61550C00AC202D /* Frameworks */,
				7ED229141E61550C00AC202D /* Resources */,
			);
			buildRules = (
			);
			dependencies = (
				7ED229181E61550C00AC202D /* PBXTargetDependency */,
			);
			name = demoTestTests;
			productName = demoTestTests;
			productReference = 7ED229161E61550C00AC202D /* demoTestTests.xctest */;
			productType = "com.apple.product-type.bundle.unit-test";
		};
		7ED229201E61550C00AC202D /* demoTestUITests */ = {
			isa = PBXNativeTarget;
			buildConfigurationList = 7ED229301E61550C00AC202D /* Build configuration list for PBXNativeTarget "demoTestUITests" */;
			buildPhases = (
				7ED2291D1E61550C00AC202D /* Sources */,
				7ED2291E1E61550C00AC202D /* Frameworks */,
				7ED2291F1E61550C00AC202D /* Resources */,
			);
			buildRules = (
			);
			dependencies = (
				7ED229231E61550C00AC202D /* PBXTargetDependency */,
			);
			name = demoTestUITests;
			productName = demoTestUITests;
			productReference = 7ED229211E61550C00AC202D /* demoTestUITests.xctest */;
			productType = "com.apple.product-type.bundle.ui-testing";
		};
/* End PBXNativeTarget section */

/* Begin PBXProject section */
		7ED228F51E61550B00AC202D /* Project object */ = {
			isa = PBXProject;
			attributes = {
				LastUpgradeCheck = 0820;
				ORGANIZATIONNAME = "zhang yannan";
				TargetAttributes = {
					7ED228FC1E61550B00AC202D = {
						CreatedOnToolsVersion = 8.2.1;
						ProvisioningStyle = Automatic;
					};
					7ED229151E61550C00AC202D = {
						CreatedOnToolsVersion = 8.2.1;
						ProvisioningStyle = Automatic;
						TestTargetID = 7ED228FC1E61550B00AC202D;
					};
					7ED229201E61550C00AC202D = {
						CreatedOnToolsVersion = 8.2.1;
						ProvisioningStyle = Automatic;
						TestTargetID = 7ED228FC1E61550B00AC202D;
					};
				};
			};
			buildConfigurationList = 7ED228F81E61550B00AC202D /* Build configuration list for PBXProject "demoTest" */;
			compatibilityVersion = "Xcode 3.2";
			developmentRegion = English;
			hasScannedForEncodings = 0;
			knownRegions = (
				en,
				Base,
			);
			mainGroup = 7ED228F41E61550B00AC202D;
			productRefGroup = 7ED228FE1E61550B00AC202D /* Products */;
			projectDirPath = "";
			projectRoot = "";
			targets = (
				7ED228FC1E61550B00AC202D /* demoTest */,
				7ED229151E61550C00AC202D /* demoTestTests */,
				7ED229201E61550C00AC202D /* demoTestUITests */,
			);
		};
/* End PBXProject section */

/* Begin PBXResourcesBuildPhase section */
		7ED228FB1E61550B00AC202D /* Resources */ = {
			isa = PBXResourcesBuildPhase;
			buildActionMask = 2147483647;
			files = (
				7ED229101E61550C00AC202D /* LaunchScreen.storyboard in Resources */,
				7ED2290D1E61550C00AC202D /* Assets.xcassets in Resources */,
				7ED2290B1E61550C00AC202D /* Main.storyboard in Resources */,
			);
			runOnlyForDeploymentPostprocessing = 0;
		};
		7ED229141E61550C00AC202D /* Resources */ = {
			isa = PBXResourcesBuildPhase;
			buildActionMask = 2147483647;
			files = (
			);
			runOnlyForDeploymentPostprocessing = 0;
		};
		7ED2291F1E61550C00AC202D /* Resources */ = {
			isa = PBXResourcesBuildPhase;
			buildActionMask = 2147483647;
			files = (
			);
			runOnlyForDeploymentPostprocessing = 0;
		};
/* End PBXResourcesBuildPhase section */

/* Begin PBXSourcesBuildPhase section */
		7ED228F91E61550B00AC202D /* Sources */ = {
			isa = PBXSourcesBuildPhase;
			buildActionMask = 2147483647;
			files = (
				7ED229521E6176A300AC202D /* MASConstraintMaker.m in Sources */,
				7ED229081E61550C00AC202D /* ViewController.m in Sources */,
				7ED229051E61550C00AC202D /* AppDelegate.m in Sources */,
				7ED229511E6176A300AC202D /* MASConstraint.m in Sources */,
				7ED229591E6176A300AC202D /* ViewController+MASAdditions.m in Sources */,
				7ED229531E6176A300AC202D /* MASLayoutConstraint.m in Sources */,
				7ED229561E6176A300AC202D /* NSArray+MASAdditions.m in Sources */,
				7ED229551E6176A300AC202D /* MASViewConstraint.m in Sources */,
				7ED229541E6176A300AC202D /* MASViewAttribute.m in Sources */,
				7ED229581E6176A300AC202D /* View+MASAdditions.m in Sources */,
				7ED229021E61550C00AC202D /* main.m in Sources */,
				7ED229351E615B0F00AC202D /* draw.m in Sources */,
				7ED229501E6176A300AC202D /* MASCompositeConstraint.m in Sources */,
				7ED229571E6176A300AC202D /* NSLayoutConstraint+MASDebugAdditions.m in Sources */,
			);
			runOnlyForDeploymentPostprocessing = 0;
		};
		7ED229121E61550C00AC202D /* Sources */ = {
			isa = PBXSourcesBuildPhase;
			buildActionMask = 2147483647;
			files = (
				7ED2291B1E61550C00AC202D /* demoTestTests.m in Sources */,
			);
			runOnlyForDeploymentPostprocessing = 0;
		};
		7ED2291D1E61550C00AC202D /* Sources */ = {
			isa = PBXSourcesBuildPhase;
			buildActionMask = 2147483647;
			files = (
				7ED229261E61550C00AC202D /* demoTestUITests.m in Sources */,
			);
			runOnlyForDeploymentPostprocessing = 0;
		};
/* End PBXSourcesBuildPhase section */

/* Begin PBXTargetDependency section */
		7ED229181E61550C00AC202D /* PBXTargetDependency */ = {
			isa = PBXTargetDependency;
			target = 7ED228FC1E61550B00AC202D /* demoTest */;
			targetProxy = 7ED229171E61550C00AC202D /* PBXContainerItemProxy */;
		};
		7ED229231E61550C00AC202D /* PBXTargetDependency */ = {
			isa = PBXTargetDependency;
			target = 7ED228FC1E61550B00AC202D /* demoTest */;
			targetProxy = 7ED229221E61550C00AC202D /* PBXContainerItemProxy */;
		};
/* End PBXTargetDependency section */

/* Begin PBXVariantGroup section */
		7ED229091E61550C00AC202D /* Main.storyboard */ = {
			isa = PBXVariantGroup;
			children = (
				7ED2290A1E61550C00AC202D /* Base */,
			);
			name = Main.storyboard;
			sourceTree = "<group>";
		};
		7ED2290E1E61550C00AC202D /* LaunchScreen.storyboard */ = {
			isa = PBXVariantGroup;
			children = (
				7ED2290F1E61550C00AC202D /* Base */,
			);
			name = LaunchScreen.storyboard;
			sourceTree = "<group>";
		};
/* End PBXVariantGroup section */

/* Begin XCBuildConfiguration section */
		7ED229281E61550C00AC202D /* Debug */ = {
			isa = XCBuildConfiguration;
			buildSettings = {
				ALWAYS_SEARCH_USER_PATHS = NO;
				CLANG_ANALYZER_NONNULL = YES;
				CLANG_CXX_LANGUAGE_STANDARD = "gnu++0x";
				CLANG_CXX_LIBRARY = "libc++";
				CLANG_ENABLE_MODULES = YES;
				CLANG_ENABLE_OBJC_ARC = YES;
				CLANG_WARN_BOOL_CONVERSION = YES;
				CLANG_WARN_CONSTANT_CONVERSION = YES;
				CLANG_WARN_DIRECT_OBJC_ISA_USAGE = YES_ERROR;
				CLANG_WARN_DOCUMENTATION_COMMENTS = YES;
				CLANG_WARN_EMPTY_BODY = YES;
				CLANG_WARN_ENUM_CONVERSION = YES;
				CLANG_WARN_INFINITE_RECURSION = YES;
				CLANG_WARN_INT_CONVERSION = YES;
				CLANG_WARN_OBJC_ROOT_CLASS = YES_ERROR;
				CLANG_WARN_SUSPICIOUS_MOVE = YES;
				CLANG_WARN_UNREACHABLE_CODE = YES;
				CLANG_WARN__DUPLICATE_METHOD_MATCH = YES;
				"CODE_SIGN_IDENTITY[sdk=iphoneos*]" = "iPhone Developer";
				COPY_PHASE_STRIP = NO;
				DEBUG_INFORMATION_FORMAT = dwarf;
				ENABLE_STRICT_OBJC_MSGSEND = YES;
				ENABLE_TESTABILITY = YES;
				GCC_C_LANGUAGE_STANDARD = gnu99;
				GCC_DYNAMIC_NO_PIC = NO;
				GCC_NO_COMMON_BLOCKS = YES;
				GCC_OPTIMIZATION_LEVEL = 0;
				GCC_PREPROCESSOR_DEFINITIONS = (
					"DEBUG=1",
					"$(inherited)",
				);
				GCC_WARN_64_TO_32_BIT_CONVERSION = YES;
				GCC_WARN_ABOUT_RETURN_TYPE = YES_ERROR;
				GCC_WARN_UNDECLARED_SELECTOR = YES;
				GCC_WARN_UNINITIALIZED_AUTOS = YES_AGGRESSIVE;
				GCC_WARN_UNUSED_FUNCTION = YES;
				GCC_WARN_UNUSED_VARIABLE = YES;
				IPHONEOS_DEPLOYMENT_TARGET = 10.2;
				MTL_ENABLE_DEBUG_INFO = YES;
				ONLY_ACTIVE_ARCH = YES;
				SDKROOT = iphoneos;
			};
			name = Debug;
		};
		7ED229291E61550C00AC202D /* Release */ = {
			isa = XCBuildConfiguration;
			buildSettings = {
				ALWAYS_SEARCH_USER_PATHS = NO;
				CLANG_ANALYZER_NONNULL = YES;
				CLANG_CXX_LANGUAGE_STANDARD = "gnu++0x";
				CLANG_CXX_LIBRARY = "libc++";
				CLANG_ENABLE_MODULES = YES;
				CLANG_ENABLE_OBJC_ARC = YES;
				CLANG_WARN_BOOL_CONVERSION = YES;
				CLANG_WARN_CONSTANT_CONVERSION = YES;
				CLANG_WARN_DIRECT_OBJC_ISA_USAGE = YES_ERROR;
				CLANG_WARN_DOCUMENTATION_COMMENTS = YES;
				CLANG_WARN_EMPTY_BODY = YES;
				CLANG_WARN_ENUM_CONVERSION = YES;
				CLANG_WARN_INFINITE_RECURSION = YES;
				CLANG_WARN_INT_CONVERSION = YES;
				CLANG_WARN_OBJC_ROOT_CLASS = YES_ERROR;
				CLANG_WARN_SUSPICIOUS_MOVE = YES;
				CLANG_WARN_UNREACHABLE_CODE = YES;
				CLANG_WARN__DUPLICATE_METHOD_MATCH = YES;
				"CODE_SIGN_IDENTITY[sdk=iphoneos*]" = "iPhone Developer";
				COPY_PHASE_STRIP = NO;
				DEBUG_INFORMATION_FORMAT = "dwarf-with-dsym";
				ENABLE_NS_ASSERTIONS = NO;
				ENABLE_STRICT_OBJC_MSGSEND = YES;
				GCC_C_LANGUAGE_STANDARD = gnu99;
				GCC_NO_COMMON_BLOCKS = YES;
				GCC_WARN_64_TO_32_BIT_CONVERSION = YES;
				GCC_WARN_ABOUT_RETURN_TYPE = YES_ERROR;
				GCC_WARN_UNDECLARED_SELECTOR = YES;
				GCC_WARN_UNINITIALIZED_AUTOS = YES_AGGRESSIVE;
				GCC_WARN_UNUSED_FUNCTION = YES;
				GCC_WARN_UNUSED_VARIABLE = YES;
				IPHONEOS_DEPLOYMENT_TARGET = 10.2;
				MTL_ENABLE_DEBUG_INFO = NO;
				SDKROOT = iphoneos;
				VALIDATE_PRODUCT = YES;
			};
			name = Release;
		};
		7ED2292B1E61550C00AC202D /* Debug */ = {
			isa = XCBuildConfiguration;
			buildSettings = {
				ASSETCATALOG_COMPILER_APPICON_NAME = AppIcon;
				INFOPLIST_FILE = demoTest/Info.plist;
				LD_RUNPATH_SEARCH_PATHS = "$(inherited) @executable_path/Frameworks";
				PRODUCT_BUNDLE_IDENTIFIER = myself.demoTest;
				PRODUCT_NAME = "$(TARGET_NAME)";
			};
			name = Debug;
		};
		7ED2292C1E61550C00AC202D /* Release */ = {
			isa = XCBuildConfiguration;
			buildSettings = {
				ASSETCATALOG_COMPILER_APPICON_NAME = AppIcon;
				INFOPLIST_FILE = demoTest/Info.plist;
				LD_RUNPATH_SEARCH_PATHS = "$(inherited) @executable_path/Frameworks";
				PRODUCT_BUNDLE_IDENTIFIER = myself.demoTest;
				PRODUCT_NAME = "$(TARGET_NAME)";
			};
			name = Release;
		};
		7ED2292E1E61550C00AC202D /* Debug */ = {
			isa = XCBuildConfiguration;
			buildSettings = {
				BUNDLE_LOADER = "$(TEST_HOST)";
				INFOPLIST_FILE = demoTestTests/Info.plist;
				LD_RUNPATH_SEARCH_PATHS = "$(inherited) @executable_path/Frameworks @loader_path/Frameworks";
				PRODUCT_BUNDLE_IDENTIFIER = myself.demoTestTests;
				PRODUCT_NAME = "$(TARGET_NAME)";
				TEST_HOST = "$(BUILT_PRODUCTS_DIR)/demoTest.app/demoTest";
			};
			name = Debug;
		};
		7ED2292F1E61550C00AC202D /* Release */ = {
			isa = XCBuildConfiguration;
			buildSettings = {
				BUNDLE_LOADER = "$(TEST_HOST)";
				INFOPLIST_FILE = demoTestTests/Info.plist;
				LD_RUNPATH_SEARCH_PATHS = "$(inherited) @executable_path/Frameworks @loader_path/Frameworks";
				PRODUCT_BUNDLE_IDENTIFIER = myself.demoTestTests;
				PRODUCT_NAME = "$(TARGET_NAME)";
				TEST_HOST = "$(BUILT_PRODUCTS_DIR)/demoTest.app/demoTest";
			};
			name = Release;
		};
		7ED229311E61550C00AC202D /* Debug */ = {
			isa = XCBuildConfiguration;
			buildSettings = {
				INFOPLIST_FILE = demoTestUITests/Info.plist;
				LD_RUNPATH_SEARCH_PATHS = "$(inherited) @executable_path/Frameworks @loader_path/Frameworks";
				PRODUCT_BUNDLE_IDENTIFIER = myself.demoTestUITests;
				PRODUCT_NAME = "$(TARGET_NAME)";
				TEST_TARGET_NAME = demoTest;
			};
			name = Debug;
		};
		7ED229321E61550C00AC202D /* Release */ = {
			isa = XCBuildConfiguration;
			buildSettings = {
				INFOPLIST_FILE = demoTestUITests/Info.plist;
				LD_RUNPATH_SEARCH_PATHS = "$(inherited) @executable_path/Frameworks @loader_path/Frameworks";
				PRODUCT_BUNDLE_IDENTIFIER = myself.demoTestUITests;
				PRODUCT_NAME = "$(TARGET_NAME)";
				TEST_TARGET_NAME = demoTest;
			};
			name = Release;
		};
/* End XCBuildConfiguration section */

/* Begin XCConfigurationList section */
		7ED228F81E61550B00AC202D /* Build configuration list for PBXProject "demoTest" */ = {
			isa = XCConfigurationList;
			buildConfigurations = (
				7ED229281E61550C00AC202D /* Debug */,
				7ED229291E61550C00AC202D /* Release */,
			);
			defaultConfigurationIsVisible = 0;
			defaultConfigurationName = Release;
		};
		7ED2292A1E61550C00AC202D /* Build configuration list for PBXNativeTarget "demoTest" */ = {
			isa = XCConfigurationList;
			buildConfigurations = (
				7ED2292B1E61550C00AC202D /* Debug */,
				7ED2292C1E61550C00AC202D /* Release */,
			);
			defaultConfigurationIsVisible = 0;
		};
		7ED2292D1E61550C00AC202D /* Build configuration list for PBXNativeTarget "demoTestTests" */ = {
			isa = XCConfigurationList;
			buildConfigurations = (
				7ED2292E1E61550C00AC202D /* Debug */,
				7ED2292F1E61550C00AC202D /* Release */,
			);
			defaultConfigurationIsVisible = 0;
		};
		7ED229301E61550C00AC202D /* Build configuration list for PBXNativeTarget "demoTestUITests" */ = {
			isa = XCConfigurationList;
			buildConfigurations = (
				7ED229311E61550C00AC202D /* Debug */,
				7ED229321E61550C00AC202D /* Release */,
			);
			defaultConfigurationIsVisible = 0;
		};
/* End XCConfigurationList section */
	};
	rootObject = 7ED228F51E61550B00AC202D /* Project object */;
}
